
Microsoft Visual Studio Solution File, Format Version 12.00
# Visual Studio 14
VisualStudioVersion = 14.0.25420.1
MinimumVisualStudioVersion = 10.0.40219.1
Project("{FAE04EC0-301F-11D3-BF4B-00C04F79EFBC}") = "ejercicio11", "ejercicio11\ejercicio11.csproj", "{041AEFD8-3A70-4289-A0F4-C8D9B38F40CD}"
EndProject
Project("{FAE04EC0-301F-11D3-BF4B-00C04F79EFBC}") = "TurboMixTest", "TurboMixTest\TurboMixTest.csproj", "{CFC5C70A-8DB5-4954-9AE6-1D77DCC1DE12}"
EndProject
Global
	GlobalSection(SolutionConfigurationPlatforms) = preSolution
		Debug|Any CPU = Debug|Any CPU
		Release|Any CPU = Release|Any CPU
	EndGlobalSection
	GlobalSection(ProjectConfigurationPlatforms) = postSolution
		{041AEFD8-3A70-4289-A0F4-C8D9B38F40CD}.Debug|Any CPU.ActiveCfg = Debug|Any CPU
		{041AEFD8-3A70-4289-A0F4-C8D9B38F40CD}.Debug|Any CPU.Build.0 = Debug|Any CPU
		{041AEFD8-3A70-4289-A0F4-C8D9B38F40CD}.Release|Any CPU.ActiveCfg = Release|Any CPU
		{041AEFD8-3A70-4289-A0F4-C8D9B38F40CD}.Release|Any CPU.Build.0 = Release|Any CPU
		{CFC5C70A-8DB5-4954-9AE6-1D77DCC1DE12}.Debug|Any CPU.ActiveCfg = Debug|Any CPU
		{CFC5C70A-8DB5-4954-9AE6-1D77DCC1DE12}.Debug|Any CPU.Build.0 = Debug|Any CPU
		{CFC5C70A-8DB5-4954-9AE6-1D77DCC1DE12}.Release|Any CPU.ActiveCfg = Release|Any CPU
		{CFC5C70A-8DB5-4954-9AE6-1D77DCC1DE12}.Release|Any CPU.Build.0 = Release|Any CPU
	EndGlobalSection
	GlobalSection(SolutionProperties) = preSolution
		HideSolutionNode = FALSE
	EndGlobalSection
EndGlobal
